
Microsoft Visual Studio Solution File, Format Version 12.00
# Visual Studio 15
VisualStudioVersion = 15.0.27703.2047
MinimumVisualStudioVersion = 10.0.40219.1
Project("{FAE04EC0-301F-11D3-BF4B-00C04F79EFBC}") = "BinarySearchTreeVisualizer", "BinarySearchTreeVisualizer\BinarySearchTreeVisualizer.csproj", "{8CB1B520-D7A8-43BA-A95C-321AA273580D}"
EndProject
Global
	GlobalSection(SolutionConfigurationPlatforms) = preSolution
		Debug|Any CPU = Debug|Any CPU
		Release|Any CPU = Release|Any CPU
	EndGlobalSection
	GlobalSection(ProjectConfigurationPlatforms) = postSolution
		{8CB1B520-D7A8-43BA-A95C-321AA273580D}.Debug|Any CPU.ActiveCfg = Debug|Any CPU
		{8CB1B520-D7A8-43BA-A95C-321AA273580D}.Debug|Any CPU.Build.0 = Debug|Any CPU
		{8CB1B520-D7A8-43BA-A95C-321AA273580D}.Release|Any CPU.ActiveCfg = Release|Any CPU
		{8CB1B520-D7A8-43BA-A95C-321AA273580D}.Release|Any CPU.Build.0 = Release|Any CPU
	EndGlobalSection
	GlobalSection(SolutionProperties) = preSolution
		HideSolutionNode = FALSE
	EndGlobalSection
	GlobalSection(ExtensibilityGlobals) = postSolution
		SolutionGuid = {CD999D72-4679-43BC-A41C-98CD37147DB1}
	EndGlobalSection
EndGlobal
